
Microsoft Visual Studio Solution File, Format Version 12.00
# Visual Studio 14
VisualStudioVersion = 14.0.25420.1
MinimumVisualStudioVersion = 10.0.40219.1
Project("{FAE04EC0-301F-11D3-BF4B-00C04F79EFBC}") = "Domain", "Exam\Domain.csproj", "{394AB9AB-7966-4801-9FD8-3743A264566B}"
EndProject
Project("{FAE04EC0-301F-11D3-BF4B-00C04F79EFBC}") = "Console", "Console\Console.csproj", "{8EF517A4-0972-4FB4-83C1-D86317539AB4}"
EndProject
Project("{FAE04EC0-301F-11D3-BF4B-00C04F79EFBC}") = "Data", "Data\Data.csproj", "{2C555EDD-F2A4-4449-B3A9-D5D0575A8A59}"
EndProject
Project("{FAE04EC0-301F-11D3-BF4B-00C04F79EFBC}") = "Services", "Services\Services.csproj", "{223D4E93-F90D-4751-B25D-5A5F5B4B67F6}"
EndProject
Project("{FAE04EC0-301F-11D3-BF4B-00C04F79EFBC}") = "SpecificServices", "SpecificServices\SpecificServices.csproj", "{CFEAFD58-FF73-4A7E-97F4-075846D2B3C7}"
EndProject
Global
	GlobalSection(SolutionConfigurationPlatforms) = preSolution
		Debug|Any CPU = Debug|Any CPU
		Release|Any CPU = Release|Any CPU
	EndGlobalSection
	GlobalSection(ProjectConfigurationPlatforms) = postSolution
		{394AB9AB-7966-4801-9FD8-3743A264566B}.Debug|Any CPU.ActiveCfg = Debug|Any CPU
		{394AB9AB-7966-4801-9FD8-3743A264566B}.Debug|Any CPU.Build.0 = Debug|Any CPU
		{394AB9AB-7966-4801-9FD8-3743A264566B}.Release|Any CPU.ActiveCfg = Release|Any CPU
		{394AB9AB-7966-4801-9FD8-3743A264566B}.Release|Any CPU.Build.0 = Release|Any CPU
		{8EF517A4-0972-4FB4-83C1-D86317539AB4}.Debug|Any CPU.ActiveCfg = Debug|Any CPU
		{8EF517A4-0972-4FB4-83C1-D86317539AB4}.Debug|Any CPU.Build.0 = Debug|Any CPU
		{8EF517A4-0972-4FB4-83C1-D86317539AB4}.Release|Any CPU.ActiveCfg = Release|Any CPU
		{8EF517A4-0972-4FB4-83C1-D86317539AB4}.Release|Any CPU.Build.0 = Release|Any CPU
		{2C555EDD-F2A4-4449-B3A9-D5D0575A8A59}.Debug|Any CPU.ActiveCfg = Debug|Any CPU
		{2C555EDD-F2A4-4449-B3A9-D5D0575A8A59}.Debug|Any CPU.Build.0 = Debug|Any CPU
		{2C555EDD-F2A4-4449-B3A9-D5D0575A8A59}.Release|Any CPU.ActiveCfg = Release|Any CPU
		{2C555EDD-F2A4-4449-B3A9-D5D0575A8A59}.Release|Any CPU.Build.0 = Release|Any CPU
		{223D4E93-F90D-4751-B25D-5A5F5B4B67F6}.Debug|Any CPU.ActiveCfg = Debug|Any CPU
		{223D4E93-F90D-4751-B25D-5A5F5B4B67F6}.Debug|Any CPU.Build.0 = Debug|Any CPU
		{223D4E93-F90D-4751-B25D-5A5F5B4B67F6}.Release|Any CPU.ActiveCfg = Release|Any CPU
		{223D4E93-F90D-4751-B25D-5A5F5B4B67F6}.Release|Any CPU.Build.0 = Release|Any CPU
		{CFEAFD58-FF73-4A7E-97F4-075846D2B3C7}.Debug|Any CPU.ActiveCfg = Debug|Any CPU
		{CFEAFD58-FF73-4A7E-97F4-075846D2B3C7}.Debug|Any CPU.Build.0 = Debug|Any CPU
		{CFEAFD58-FF73-4A7E-97F4-075846D2B3C7}.Release|Any CPU.ActiveCfg = Release|Any CPU
		{CFEAFD58-FF73-4A7E-97F4-075846D2B3C7}.Release|Any CPU.Build.0 = Release|Any CPU
	EndGlobalSection
	GlobalSection(SolutionProperties) = preSolution
		HideSolutionNode = FALSE
	EndGlobalSection
EndGlobal
